
Microsoft Visual Studio Solution File, Format Version 12.00
Project("{2150E333-8FDC-42A3-9474-1A3956D46DE8}") = "src", "src", "{883366B8-5E93-4787-9DFE-7880D1FB8428}"
EndProject
Project("{FAE04EC0-301F-11D3-BF4B-00C04F79EFBC}") = "AuctionService", "src\AuctionService\AuctionService.csproj", "{8BDD39F7-26D4-4E76-9903-391285C1ED44}"
EndProject
Project("{2150E333-8FDC-42A3-9474-1A3956D46DE8}") = "Solution items", "Solution items", "{DB13B850-977E-40C2-BE65-D329E06DED04}"
	ProjectSection(SolutionItems) = preProject
		docker-compose.yml = docker-compose.yml
	EndProjectSection
EndProject
Project("{FAE04EC0-301F-11D3-BF4B-00C04F79EFBC}") = "SearchService", "src\SearchService\SearchService.csproj", "{BC47257B-00A0-42B3-B763-4F12C9642216}"
EndProject
Project("{FAE04EC0-301F-11D3-BF4B-00C04F79EFBC}") = "Contracts", "src\Contracts\Contracts.csproj", "{9547ED43-8B36-4070-A279-1157D10BA4D2}"
EndProject
Project("{FAE04EC0-301F-11D3-BF4B-00C04F79EFBC}") = "IdentityService", "src\IdentityService\IdentityService.csproj", "{58F9F1A5-78D2-4446-8CFC-B9BA721CDE48}"
EndProject
Project("{FAE04EC0-301F-11D3-BF4B-00C04F79EFBC}") = "GatewayService", "src\GatewayService\GatewayService.csproj", "{D31A4E9D-FE64-4F4A-BDA0-9C8C674CD9CA}"
EndProject
Project("{2150E333-8FDC-42A3-9474-1A3956D46DE8}") = "tests", "tests", "{0E41BE8A-FE54-4141-87C1-4117A5F69AF2}"
EndProject
Project("{FAE04EC0-301F-11D3-BF4B-00C04F79EFBC}") = "AuctionService.Tests", "tests\AuctionService.Tests\AuctionService.Tests.csproj", "{879B1D6E-A779-4009-85E4-BAA25B4798A3}"
EndProject
Project("{FAE04EC0-301F-11D3-BF4B-00C04F79EFBC}") = "SearchService.Tests", "tests\SearchService.Tests\SearchService.Tests.csproj", "{DB011E7C-BB96-4674-8775-52FDA3378A89}"
EndProject
Project("{FAE04EC0-301F-11D3-BF4B-00C04F79EFBC}") = "BidService", "src\BidService\BidService.csproj", "{299F0647-AA1F-4D39-9CD9-02207F4B1A22}"
EndProject
Project("{FAE04EC0-301F-11D3-BF4B-00C04F79EFBC}") = "NotificationService", "src\NotificationService\NotificationService.csproj", "{258428EF-6624-4475-8539-98D5A8B5DC0C}"
EndProject
Global
	GlobalSection(SolutionConfigurationPlatforms) = preSolution
		Debug|Any CPU = Debug|Any CPU
		Release|Any CPU = Release|Any CPU
	EndGlobalSection
	GlobalSection(NestedProjects) = preSolution
		{8BDD39F7-26D4-4E76-9903-391285C1ED44} = {883366B8-5E93-4787-9DFE-7880D1FB8428}
		{BC47257B-00A0-42B3-B763-4F12C9642216} = {883366B8-5E93-4787-9DFE-7880D1FB8428}
		{9547ED43-8B36-4070-A279-1157D10BA4D2} = {883366B8-5E93-4787-9DFE-7880D1FB8428}
		{58F9F1A5-78D2-4446-8CFC-B9BA721CDE48} = {883366B8-5E93-4787-9DFE-7880D1FB8428}
		{D31A4E9D-FE64-4F4A-BDA0-9C8C674CD9CA} = {883366B8-5E93-4787-9DFE-7880D1FB8428}
		{879B1D6E-A779-4009-85E4-BAA25B4798A3} = {0E41BE8A-FE54-4141-87C1-4117A5F69AF2}
		{DB011E7C-BB96-4674-8775-52FDA3378A89} = {0E41BE8A-FE54-4141-87C1-4117A5F69AF2}
		{299F0647-AA1F-4D39-9CD9-02207F4B1A22} = {883366B8-5E93-4787-9DFE-7880D1FB8428}
		{258428EF-6624-4475-8539-98D5A8B5DC0C} = {883366B8-5E93-4787-9DFE-7880D1FB8428}
	EndGlobalSection
	GlobalSection(ProjectConfigurationPlatforms) = postSolution
		{8BDD39F7-26D4-4E76-9903-391285C1ED44}.Debug|Any CPU.ActiveCfg = Debug|Any CPU
		{8BDD39F7-26D4-4E76-9903-391285C1ED44}.Debug|Any CPU.Build.0 = Debug|Any CPU
		{8BDD39F7-26D4-4E76-9903-391285C1ED44}.Release|Any CPU.ActiveCfg = Release|Any CPU
		{8BDD39F7-26D4-4E76-9903-391285C1ED44}.Release|Any CPU.Build.0 = Release|Any CPU
		{BC47257B-00A0-42B3-B763-4F12C9642216}.Debug|Any CPU.ActiveCfg = Debug|Any CPU
		{BC47257B-00A0-42B3-B763-4F12C9642216}.Debug|Any CPU.Build.0 = Debug|Any CPU
		{BC47257B-00A0-42B3-B763-4F12C9642216}.Release|Any CPU.ActiveCfg = Release|Any CPU
		{BC47257B-00A0-42B3-B763-4F12C9642216}.Release|Any CPU.Build.0 = Release|Any CPU
		{9547ED43-8B36-4070-A279-1157D10BA4D2}.Debug|Any CPU.ActiveCfg = Debug|Any CPU
		{9547ED43-8B36-4070-A279-1157D10BA4D2}.Debug|Any CPU.Build.0 = Debug|Any CPU
		{9547ED43-8B36-4070-A279-1157D10BA4D2}.Release|Any CPU.ActiveCfg = Release|Any CPU
		{9547ED43-8B36-4070-A279-1157D10BA4D2}.Release|Any CPU.Build.0 = Release|Any CPU
		{58F9F1A5-78D2-4446-8CFC-B9BA721CDE48}.Debug|Any CPU.ActiveCfg = Debug|Any CPU
		{58F9F1A5-78D2-4446-8CFC-B9BA721CDE48}.Debug|Any CPU.Build.0 = Debug|Any CPU
		{58F9F1A5-78D2-4446-8CFC-B9BA721CDE48}.Release|Any CPU.ActiveCfg = Release|Any CPU
		{58F9F1A5-78D2-4446-8CFC-B9BA721CDE48}.Release|Any CPU.Build.0 = Release|Any CPU
		{D31A4E9D-FE64-4F4A-BDA0-9C8C674CD9CA}.Debug|Any CPU.ActiveCfg = Debug|Any CPU
		{D31A4E9D-FE64-4F4A-BDA0-9C8C674CD9CA}.Debug|Any CPU.Build.0 = Debug|Any CPU
		{D31A4E9D-FE64-4F4A-BDA0-9C8C674CD9CA}.Release|Any CPU.ActiveCfg = Release|Any CPU
		{D31A4E9D-FE64-4F4A-BDA0-9C8C674CD9CA}.Release|Any CPU.Build.0 = Release|Any CPU
		{879B1D6E-A779-4009-85E4-BAA25B4798A3}.Debug|Any CPU.ActiveCfg = Debug|Any CPU
		{879B1D6E-A779-4009-85E4-BAA25B4798A3}.Debug|Any CPU.Build.0 = Debug|Any CPU
		{879B1D6E-A779-4009-85E4-BAA25B4798A3}.Release|Any CPU.ActiveCfg = Release|Any CPU
		{879B1D6E-A779-4009-85E4-BAA25B4798A3}.Release|Any CPU.Build.0 = Release|Any CPU
		{DB011E7C-BB96-4674-8775-52FDA3378A89}.Debug|Any CPU.ActiveCfg = Debug|Any CPU
		{DB011E7C-BB96-4674-8775-52FDA3378A89}.Debug|Any CPU.Build.0 = Debug|Any CPU
		{DB011E7C-BB96-4674-8775-52FDA3378A89}.Release|Any CPU.ActiveCfg = Release|Any CPU
		{DB011E7C-BB96-4674-8775-52FDA3378A89}.Release|Any CPU.Build.0 = Release|Any CPU
		{299F0647-AA1F-4D39-9CD9-02207F4B1A22}.Debug|Any CPU.ActiveCfg = Debug|Any CPU
		{299F0647-AA1F-4D39-9CD9-02207F4B1A22}.Debug|Any CPU.Build.0 = Debug|Any CPU
		{299F0647-AA1F-4D39-9CD9-02207F4B1A22}.Release|Any CPU.ActiveCfg = Release|Any CPU
		{299F0647-AA1F-4D39-9CD9-02207F4B1A22}.Release|Any CPU.Build.0 = Release|Any CPU
		{258428EF-6624-4475-8539-98D5A8B5DC0C}.Debug|Any CPU.ActiveCfg = Debug|Any CPU
		{258428EF-6624-4475-8539-98D5A8B5DC0C}.Debug|Any CPU.Build.0 = Debug|Any CPU
		{258428EF-6624-4475-8539-98D5A8B5DC0C}.Release|Any CPU.ActiveCfg = Release|Any CPU
		{258428EF-6624-4475-8539-98D5A8B5DC0C}.Release|Any CPU.Build.0 = Release|Any CPU
	EndGlobalSection
EndGlobal
